
Microsoft Visual Studio Solution File, Format Version 12.00
# Visual Studio 2012
Project("{FAE04EC0-301F-11D3-BF4B-00C04F79EFBC}") = "Home.DataCrawler", "Home.DataCrawler\Home.DataCrawler.csproj", "{0FDE16BB-501E-450E-8B24-00AB46F03EE3}"
EndProject
Global
	GlobalSection(SolutionConfigurationPlatforms) = preSolution
		Debug|Any CPU = Debug|Any CPU
		Release|Any CPU = Release|Any CPU
	EndGlobalSection
	GlobalSection(ProjectConfigurationPlatforms) = postSolution
		{0FDE16BB-501E-450E-8B24-00AB46F03EE3}.Debug|Any CPU.ActiveCfg = Debug|Any CPU
		{0FDE16BB-501E-450E-8B24-00AB46F03EE3}.Debug|Any CPU.Build.0 = Debug|Any CPU
		{0FDE16BB-501E-450E-8B24-00AB46F03EE3}.Release|Any CPU.ActiveCfg = Release|Any CPU
		{0FDE16BB-501E-450E-8B24-00AB46F03EE3}.Release|Any CPU.Build.0 = Release|Any CPU
	EndGlobalSection
EndGlobal
